
Microsoft Visual Studio Solution File, Format Version 12.00
# Visual Studio 15
VisualStudioVersion = 15.0.27004.2009
MinimumVisualStudioVersion = 10.0.40219.1
Project("{FAE04EC0-301F-11D3-BF4B-00C04F79EFBC}") = "IniJsonXmlTest", "InitJsonXmlTest\IniJsonXmlTest.csproj", "{872D8589-CF2A-448D-BE71-A497582BD30E}"
EndProject
Global
	GlobalSection(SolutionConfigurationPlatforms) = preSolution
		Debug|Any CPU = Debug|Any CPU
		Release|Any CPU = Release|Any CPU
	EndGlobalSection
	GlobalSection(ProjectConfigurationPlatforms) = postSolution
		{872D8589-CF2A-448D-BE71-A497582BD30E}.Debug|Any CPU.ActiveCfg = Debug|Any CPU
		{872D8589-CF2A-448D-BE71-A497582BD30E}.Debug|Any CPU.Build.0 = Debug|Any CPU
		{872D8589-CF2A-448D-BE71-A497582BD30E}.Release|Any CPU.ActiveCfg = Release|Any CPU
		{872D8589-CF2A-448D-BE71-A497582BD30E}.Release|Any CPU.Build.0 = Release|Any CPU
	EndGlobalSection
	GlobalSection(SolutionProperties) = preSolution
		HideSolutionNode = FALSE
	EndGlobalSection
	GlobalSection(ExtensibilityGlobals) = postSolution
		SolutionGuid = {A9649009-BC74-4E52-AB97-6341BFDC00F0}
	EndGlobalSection
EndGlobal
